
Microsoft Visual Studio Solution File, Format Version 12.00
# Visual Studio Version 16
VisualStudioVersion = 16.0.31829.152
MinimumVisualStudioVersion = 10.0.40219.1
Project("{FAE04EC0-301F-11D3-BF4B-00C04F79EFBC}") = "UseDatabase", "UseDatabase.csproj", "{1F7A0A61-D5A6-4459-8655-22E4E20DFFFE}"
EndProject
Global
	GlobalSection(SolutionConfigurationPlatforms) = preSolution
		Debug|Any CPU = Debug|Any CPU
		Release|Any CPU = Release|Any CPU
	EndGlobalSection
	GlobalSection(ProjectConfigurationPlatforms) = postSolution
		{1F7A0A61-D5A6-4459-8655-22E4E20DFFFE}.Debug|Any CPU.ActiveCfg = Debug|Any CPU
		{1F7A0A61-D5A6-4459-8655-22E4E20DFFFE}.Debug|Any CPU.Build.0 = Debug|Any CPU
		{1F7A0A61-D5A6-4459-8655-22E4E20DFFFE}.Release|Any CPU.ActiveCfg = Release|Any CPU
		{1F7A0A61-D5A6-4459-8655-22E4E20DFFFE}.Release|Any CPU.Build.0 = Release|Any CPU
	EndGlobalSection
	GlobalSection(SolutionProperties) = preSolution
		HideSolutionNode = FALSE
	EndGlobalSection
	GlobalSection(ExtensibilityGlobals) = postSolution
		SolutionGuid = {4AA30D39-DF84-4303-BECE-EF67E9A2A90B}
	EndGlobalSection
EndGlobal
